
Microsoft Visual Studio Solution File, Format Version 12.00
# Visual Studio Version 16
VisualStudioVersion = 16.0.30523.141
MinimumVisualStudioVersion = 10.0.40219.1
Project("{FAE04EC0-301F-11D3-BF4B-00C04F79EFBC}") = "CsharpListEx", "CsharpListEx.csproj", "{F8C20713-0CD5-44FE-BAE7-D39498954237}"
EndProject
Global
	GlobalSection(SolutionConfigurationPlatforms) = preSolution
		Debug|Any CPU = Debug|Any CPU
		Release|Any CPU = Release|Any CPU
	EndGlobalSection
	GlobalSection(ProjectConfigurationPlatforms) = postSolution
		{F8C20713-0CD5-44FE-BAE7-D39498954237}.Debug|Any CPU.ActiveCfg = Debug|Any CPU
		{F8C20713-0CD5-44FE-BAE7-D39498954237}.Debug|Any CPU.Build.0 = Debug|Any CPU
		{F8C20713-0CD5-44FE-BAE7-D39498954237}.Release|Any CPU.ActiveCfg = Release|Any CPU
		{F8C20713-0CD5-44FE-BAE7-D39498954237}.Release|Any CPU.Build.0 = Release|Any CPU
	EndGlobalSection
	GlobalSection(SolutionProperties) = preSolution
		HideSolutionNode = FALSE
	EndGlobalSection
	GlobalSection(ExtensibilityGlobals) = postSolution
		SolutionGuid = {F031AC9F-814E-4899-B2D1-504FA96D3EEB}
	EndGlobalSection
EndGlobal
